
Microsoft Visual Studio Solution File, Format Version 12.00
# Visual Studio Version 17
VisualStudioVersion = 17.2.32630.192
MinimumVisualStudioVersion = 10.0.40219.1
Project("{9A19103F-16F7-4668-BE54-9A1E7A4F7556}") = "StockAPI", "StockTest\StockAPI.csproj", "{2DADE170-E72B-42B2-9379-EC654C1793AA}"
EndProject
Project("{9A19103F-16F7-4668-BE54-9A1E7A4F7556}") = "StockData.Objects", "DbContext\StockData.Objects.csproj", "{4C785686-3B13-4E6F-B335-7C08EBD6D9DD}"
EndProject
Project("{FAE04EC0-301F-11D3-BF4B-00C04F79EFBC}") = "StockAPIUnitTest", "StockAPIUnitTest\StockAPIUnitTest.csproj", "{C7FBF35D-217A-42D7-BAE1-4B24BFEBDF11}"
EndProject
Global
	GlobalSection(SolutionConfigurationPlatforms) = preSolution
		Debug|Any CPU = Debug|Any CPU
		Release|Any CPU = Release|Any CPU
	EndGlobalSection
	GlobalSection(ProjectConfigurationPlatforms) = postSolution
		{2DADE170-E72B-42B2-9379-EC654C1793AA}.Debug|Any CPU.ActiveCfg = Debug|Any CPU
		{2DADE170-E72B-42B2-9379-EC654C1793AA}.Debug|Any CPU.Build.0 = Debug|Any CPU
		{2DADE170-E72B-42B2-9379-EC654C1793AA}.Release|Any CPU.ActiveCfg = Release|Any CPU
		{2DADE170-E72B-42B2-9379-EC654C1793AA}.Release|Any CPU.Build.0 = Release|Any CPU
		{4C785686-3B13-4E6F-B335-7C08EBD6D9DD}.Debug|Any CPU.ActiveCfg = Debug|Any CPU
		{4C785686-3B13-4E6F-B335-7C08EBD6D9DD}.Debug|Any CPU.Build.0 = Debug|Any CPU
		{4C785686-3B13-4E6F-B335-7C08EBD6D9DD}.Release|Any CPU.ActiveCfg = Release|Any CPU
		{4C785686-3B13-4E6F-B335-7C08EBD6D9DD}.Release|Any CPU.Build.0 = Release|Any CPU
		{C7FBF35D-217A-42D7-BAE1-4B24BFEBDF11}.Debug|Any CPU.ActiveCfg = Debug|Any CPU
		{C7FBF35D-217A-42D7-BAE1-4B24BFEBDF11}.Debug|Any CPU.Build.0 = Debug|Any CPU
		{C7FBF35D-217A-42D7-BAE1-4B24BFEBDF11}.Release|Any CPU.ActiveCfg = Release|Any CPU
		{C7FBF35D-217A-42D7-BAE1-4B24BFEBDF11}.Release|Any CPU.Build.0 = Release|Any CPU
	EndGlobalSection
	GlobalSection(SolutionProperties) = preSolution
		HideSolutionNode = FALSE
	EndGlobalSection
	GlobalSection(ExtensibilityGlobals) = postSolution
		SolutionGuid = {06BAC6A3-8AAE-4286-90C9-0ABF0665A5B2}
	EndGlobalSection
EndGlobal
